
Microsoft Visual Studio Solution File, Format Version 12.00
# Visual Studio Version 16
VisualStudioVersion = 16.0.30011.22
MinimumVisualStudioVersion = 10.0.40219.1
Project("{FAE04EC0-301F-11D3-BF4B-00C04F79EFBC}") = "udemy_course training", "udemy_course training\udemy_course training.csproj", "{2DD831F4-5AC6-43FB-B6E9-8226146F078D}"
EndProject
Global
	GlobalSection(SolutionConfigurationPlatforms) = preSolution
		Debug|Any CPU = Debug|Any CPU
		Release|Any CPU = Release|Any CPU
	EndGlobalSection
	GlobalSection(ProjectConfigurationPlatforms) = postSolution
		{2DD831F4-5AC6-43FB-B6E9-8226146F078D}.Debug|Any CPU.ActiveCfg = Debug|Any CPU
		{2DD831F4-5AC6-43FB-B6E9-8226146F078D}.Debug|Any CPU.Build.0 = Debug|Any CPU
		{2DD831F4-5AC6-43FB-B6E9-8226146F078D}.Release|Any CPU.ActiveCfg = Release|Any CPU
		{2DD831F4-5AC6-43FB-B6E9-8226146F078D}.Release|Any CPU.Build.0 = Release|Any CPU
	EndGlobalSection
	GlobalSection(SolutionProperties) = preSolution
		HideSolutionNode = FALSE
	EndGlobalSection
	GlobalSection(ExtensibilityGlobals) = postSolution
		SolutionGuid = {7C2C618B-9A4D-498A-AA26-010F39C659F5}
	EndGlobalSection
EndGlobal
